
Microsoft Visual Studio Solution File, Format Version 12.00
# Visual Studio Version 17
VisualStudioVersion = 17.14.36414.22 d17.14
MinimumVisualStudioVersion = 10.0.40219.1
Project("{FAE04EC0-301F-11D3-BF4B-00C04F79EFBC}") = "PreviasArboles", "PreviasArboles\PreviasArboles.csproj", "{51C43D09-59A0-431F-8347-D64B7C1EAB34}"
EndProject
Global
	GlobalSection(SolutionConfigurationPlatforms) = preSolution
		Debug|Any CPU = Debug|Any CPU
		Release|Any CPU = Release|Any CPU
	EndGlobalSection
	GlobalSection(ProjectConfigurationPlatforms) = postSolution
		{51C43D09-59A0-431F-8347-D64B7C1EAB34}.Debug|Any CPU.ActiveCfg = Debug|Any CPU
		{51C43D09-59A0-431F-8347-D64B7C1EAB34}.Debug|Any CPU.Build.0 = Debug|Any CPU
		{51C43D09-59A0-431F-8347-D64B7C1EAB34}.Release|Any CPU.ActiveCfg = Release|Any CPU
		{51C43D09-59A0-431F-8347-D64B7C1EAB34}.Release|Any CPU.Build.0 = Release|Any CPU
	EndGlobalSection
	GlobalSection(SolutionProperties) = preSolution
		HideSolutionNode = FALSE
	EndGlobalSection
	GlobalSection(ExtensibilityGlobals) = postSolution
		SolutionGuid = {2442903A-B436-4690-9B56-5A00CF437B91}
	EndGlobalSection
EndGlobal
