
Microsoft Visual Studio Solution File, Format Version 12.00
# Visual Studio Version 17
VisualStudioVersion = 17.13.35825.156 d17.13
MinimumVisualStudioVersion = 10.0.40219.1
Project("{FAE04EC0-301F-11D3-BF4B-00C04F79EFBC}") = "EjemploPila", "EjemploPila\EjemploPila.csproj", "{7283B97E-1013-4B95-B94C-B8F92458A32A}"
EndProject
Global
	GlobalSection(SolutionConfigurationPlatforms) = preSolution
		Debug|Any CPU = Debug|Any CPU
		Release|Any CPU = Release|Any CPU
	EndGlobalSection
	GlobalSection(ProjectConfigurationPlatforms) = postSolution
		{7283B97E-1013-4B95-B94C-B8F92458A32A}.Debug|Any CPU.ActiveCfg = Debug|Any CPU
		{7283B97E-1013-4B95-B94C-B8F92458A32A}.Debug|Any CPU.Build.0 = Debug|Any CPU
		{7283B97E-1013-4B95-B94C-B8F92458A32A}.Release|Any CPU.ActiveCfg = Release|Any CPU
		{7283B97E-1013-4B95-B94C-B8F92458A32A}.Release|Any CPU.Build.0 = Release|Any CPU
	EndGlobalSection
	GlobalSection(SolutionProperties) = preSolution
		HideSolutionNode = FALSE
	EndGlobalSection
	GlobalSection(ExtensibilityGlobals) = postSolution
		SolutionGuid = {B5B24937-5274-4526-8F5D-3060AA182F4C}
	EndGlobalSection
EndGlobal
