
Microsoft Visual Studio Solution File, Format Version 12.00
# Visual Studio Version 17
VisualStudioVersion = 17.6.33815.320
MinimumVisualStudioVersion = 10.0.40219.1
Project("{FAE04EC0-301F-11D3-BF4B-00C04F79EFBC}") = "ListaDobleEnlazada", "ListaDobleEnlazada\ListaDobleEnlazada.csproj", "{42F5B01E-55C3-4CE5-85E9-28AA006C1EAB}"
EndProject
Global
	GlobalSection(SolutionConfigurationPlatforms) = preSolution
		Debug|Any CPU = Debug|Any CPU
		Release|Any CPU = Release|Any CPU
	EndGlobalSection
	GlobalSection(ProjectConfigurationPlatforms) = postSolution
		{42F5B01E-55C3-4CE5-85E9-28AA006C1EAB}.Debug|Any CPU.ActiveCfg = Debug|Any CPU
		{42F5B01E-55C3-4CE5-85E9-28AA006C1EAB}.Debug|Any CPU.Build.0 = Debug|Any CPU
		{42F5B01E-55C3-4CE5-85E9-28AA006C1EAB}.Release|Any CPU.ActiveCfg = Release|Any CPU
		{42F5B01E-55C3-4CE5-85E9-28AA006C1EAB}.Release|Any CPU.Build.0 = Release|Any CPU
	EndGlobalSection
	GlobalSection(SolutionProperties) = preSolution
		HideSolutionNode = FALSE
	EndGlobalSection
	GlobalSection(ExtensibilityGlobals) = postSolution
		SolutionGuid = {3216F015-BE7C-4425-ABD3-0CD7F56F6D5D}
	EndGlobalSection
EndGlobal
