
Microsoft Visual Studio Solution File, Format Version 12.00
# Visual Studio Version 17
VisualStudioVersion = 17.13.35825.156 d17.13
MinimumVisualStudioVersion = 10.0.40219.1
Project("{FAE04EC0-301F-11D3-BF4B-00C04F79EFBC}") = "Programa01", "Programa01\Programa01.csproj", "{CC616273-9188-4CE6-B995-455BE75A6C37}"
EndProject
Global
	GlobalSection(SolutionConfigurationPlatforms) = preSolution
		Debug|Any CPU = Debug|Any CPU
		Release|Any CPU = Release|Any CPU
	EndGlobalSection
	GlobalSection(ProjectConfigurationPlatforms) = postSolution
		{CC616273-9188-4CE6-B995-455BE75A6C37}.Debug|Any CPU.ActiveCfg = Debug|Any CPU
		{CC616273-9188-4CE6-B995-455BE75A6C37}.Debug|Any CPU.Build.0 = Debug|Any CPU
		{CC616273-9188-4CE6-B995-455BE75A6C37}.Release|Any CPU.ActiveCfg = Release|Any CPU
		{CC616273-9188-4CE6-B995-455BE75A6C37}.Release|Any CPU.Build.0 = Release|Any CPU
	EndGlobalSection
	GlobalSection(SolutionProperties) = preSolution
		HideSolutionNode = FALSE
	EndGlobalSection
	GlobalSection(ExtensibilityGlobals) = postSolution
		SolutionGuid = {DB3E15A2-672C-43CA-BA81-BFEB036EAC0A}
	EndGlobalSection
EndGlobal
